
Microsoft Visual Studio Solution File, Format Version 12.00
# Visual Studio Version 17
VisualStudioVersion = 17.8.34309.116
MinimumVisualStudioVersion = 10.0.40219.1
Project("{FAE04EC0-301F-11D3-BF4B-00C04F79EFBC}") = "DecoratorDesigPattern", "Desgin Pattern\DecoratorDesigPattern.csproj", "{A72695B0-D67B-41FF-8152-7F4178170D16}"
EndProject
Project("{FAE04EC0-301F-11D3-BF4B-00C04F79EFBC}") = "TemplateMethodDesignPattern", "TemplateMethodDesignPattern\TemplateMethodDesignPattern.csproj", "{C1583C60-FBD3-4DED-A0A6-619A66FE895A}"
EndProject
Project("{FAE04EC0-301F-11D3-BF4B-00C04F79EFBC}") = "FactoryMethodDesignPattern", "FactoryMethodDesignPattern\FactoryMethodDesignPattern.csproj", "{3BE58825-7A85-46D7-80CF-E07B5C9975B4}"
EndProject
Project("{FAE04EC0-301F-11D3-BF4B-00C04F79EFBC}") = "ObservableDesignPattern", "ObservableDesignPattern\ObservableDesignPattern.csproj", "{EC24F1C0-B3D6-4B44-8404-05288E322714}"
EndProject
Project("{FAE04EC0-301F-11D3-BF4B-00C04F79EFBC}") = "CommandDesignPattern", "CommandDesignPattern\CommandDesignPattern.csproj", "{575C0193-61B7-4EED-95F3-07337D7A45A0}"
EndProject
Global
	GlobalSection(SolutionConfigurationPlatforms) = preSolution
		Debug|Any CPU = Debug|Any CPU
		Release|Any CPU = Release|Any CPU
	EndGlobalSection
	GlobalSection(ProjectConfigurationPlatforms) = postSolution
		{A72695B0-D67B-41FF-8152-7F4178170D16}.Debug|Any CPU.ActiveCfg = Debug|Any CPU
		{A72695B0-D67B-41FF-8152-7F4178170D16}.Debug|Any CPU.Build.0 = Debug|Any CPU
		{A72695B0-D67B-41FF-8152-7F4178170D16}.Release|Any CPU.ActiveCfg = Release|Any CPU
		{A72695B0-D67B-41FF-8152-7F4178170D16}.Release|Any CPU.Build.0 = Release|Any CPU
		{C1583C60-FBD3-4DED-A0A6-619A66FE895A}.Debug|Any CPU.ActiveCfg = Debug|Any CPU
		{C1583C60-FBD3-4DED-A0A6-619A66FE895A}.Debug|Any CPU.Build.0 = Debug|Any CPU
		{C1583C60-FBD3-4DED-A0A6-619A66FE895A}.Release|Any CPU.ActiveCfg = Release|Any CPU
		{C1583C60-FBD3-4DED-A0A6-619A66FE895A}.Release|Any CPU.Build.0 = Release|Any CPU
		{3BE58825-7A85-46D7-80CF-E07B5C9975B4}.Debug|Any CPU.ActiveCfg = Debug|Any CPU
		{3BE58825-7A85-46D7-80CF-E07B5C9975B4}.Debug|Any CPU.Build.0 = Debug|Any CPU
		{3BE58825-7A85-46D7-80CF-E07B5C9975B4}.Release|Any CPU.ActiveCfg = Release|Any CPU
		{3BE58825-7A85-46D7-80CF-E07B5C9975B4}.Release|Any CPU.Build.0 = Release|Any CPU
		{EC24F1C0-B3D6-4B44-8404-05288E322714}.Debug|Any CPU.ActiveCfg = Debug|Any CPU
		{EC24F1C0-B3D6-4B44-8404-05288E322714}.Debug|Any CPU.Build.0 = Debug|Any CPU
		{EC24F1C0-B3D6-4B44-8404-05288E322714}.Release|Any CPU.ActiveCfg = Release|Any CPU
		{EC24F1C0-B3D6-4B44-8404-05288E322714}.Release|Any CPU.Build.0 = Release|Any CPU
		{575C0193-61B7-4EED-95F3-07337D7A45A0}.Debug|Any CPU.ActiveCfg = Debug|Any CPU
		{575C0193-61B7-4EED-95F3-07337D7A45A0}.Debug|Any CPU.Build.0 = Debug|Any CPU
		{575C0193-61B7-4EED-95F3-07337D7A45A0}.Release|Any CPU.ActiveCfg = Release|Any CPU
		{575C0193-61B7-4EED-95F3-07337D7A45A0}.Release|Any CPU.Build.0 = Release|Any CPU
	EndGlobalSection
	GlobalSection(SolutionProperties) = preSolution
		HideSolutionNode = FALSE
	EndGlobalSection
	GlobalSection(ExtensibilityGlobals) = postSolution
		SolutionGuid = {11258BE4-E7D5-4836-A630-5F0355CA783C}
	EndGlobalSection
EndGlobal
